
Microsoft Visual Studio Solution File, Format Version 12.00
# Visual Studio Version 17
VisualStudioVersion = 17.8.34309.116
MinimumVisualStudioVersion = 10.0.40219.1
Project("{FAE04EC0-301F-11D3-BF4B-00C04F79EFBC}") = "Playground", "Playground.csproj", "{3FD35D7F-5551-4C1F-9C94-4FC468ACE79D}"
EndProject
Global
	GlobalSection(SolutionConfigurationPlatforms) = preSolution
		Debug|Any CPU = Debug|Any CPU
		Release|Any CPU = Release|Any CPU
	EndGlobalSection
	GlobalSection(ProjectConfigurationPlatforms) = postSolution
		{3FD35D7F-5551-4C1F-9C94-4FC468ACE79D}.Debug|Any CPU.ActiveCfg = Debug|Any CPU
		{3FD35D7F-5551-4C1F-9C94-4FC468ACE79D}.Debug|Any CPU.Build.0 = Debug|Any CPU
		{3FD35D7F-5551-4C1F-9C94-4FC468ACE79D}.Release|Any CPU.ActiveCfg = Release|Any CPU
		{3FD35D7F-5551-4C1F-9C94-4FC468ACE79D}.Release|Any CPU.Build.0 = Release|Any CPU
	EndGlobalSection
	GlobalSection(SolutionProperties) = preSolution
		HideSolutionNode = FALSE
	EndGlobalSection
	GlobalSection(ExtensibilityGlobals) = postSolution
		SolutionGuid = {DCAC9E2B-B932-4AD8-96C6-24FEAE041A9A}
	EndGlobalSection
EndGlobal
